// !$*UTF8*$!
{
	archiveVersion = 1;
	classes = {
	};
	objectVersion = 50;
	objects = {

/* Begin PBXBuildFile section */
		4936841D22AAABCD009641C1 /* AppDelegate.swift in Sources */ = {isa = PBXBuildFile; fileRef = 4936841C22AAABCD009641C1 /* AppDelegate.swift */; };
		4936841F22AAABCD009641C1 /* SceneDelegate.swift in Sources */ = {isa = PBXBuildFile; fileRef = 4936841E22AAABCD009641C1 /* SceneDelegate.swift */; };
		4936842122AAABCD009641C1 /* ContentView.swift in Sources */ = {isa = PBXBuildFile; fileRef = 4936842022AAABCD009641C1 /* ContentView.swift */; };
		4936842322AAABCF009641C1 /* Assets.xcassets in Resources */ = {isa = PBXBuildFile; fileRef = 4936842222AAABCF009641C1 /* Assets.xcassets */; };
		4936842622AAABCF009641C1 /* Preview Assets.xcassets in Resources */ = {isa = PBXBuildFile; fileRef = 4936842522AAABCF009641C1 /* Preview Assets.xcassets */; };
		4936842922AAABCF009641C1 /* LaunchScreen.storyboard in Resources */ = {isa = PBXBuildFile; fileRef = 4936842722AAABCF009641C1 /* LaunchScreen.storyboard */; };
		4936843422AAABCF009641C1 /* PencilDataParseTests.swift in Sources */ = {isa = PBXBuildFile; fileRef = 4936843322AAABCF009641C1 /* PencilDataParseTests.swift */; };
		4936844122AAF3A4009641C1 /* PencilData.pb.swift in Sources */ = {isa = PBXBuildFile; fileRef = 4936844022AAF3A4009641C1 /* PencilData.pb.swift */; };
		4936845B22AAF431009641C1 /* SwiftProtobuf.framework in Frameworks */ = {isa = PBXBuildFile; fileRef = 4936845122AAF418009641C1 /* SwiftProtobuf.framework */; };
		4936845C22AAF431009641C1 /* SwiftProtobuf.framework in Embed Frameworks */ = {isa = PBXBuildFile; fileRef = 4936845122AAF418009641C1 /* SwiftProtobuf.framework */; settings = {ATTRIBUTES = (CodeSignOnCopy, RemoveHeadersOnCopy, ); }; };
		494354D422AB1F2B006B1EE7 /* DidMountView.swift in Sources */ = {isa = PBXBuildFile; fileRef = 494354D322AB1F2B006B1EE7 /* DidMountView.swift */; };
		49EC5E4622AAFFB50071B3DC /* Utils.swift in Sources */ = {isa = PBXBuildFile; fileRef = 49EC5E4522AAFFB50071B3DC /* Utils.swift */; };
		49EC5E4F22AB04C60071B3DC /* DrawingInfoView.swift in Sources */ = {isa = PBXBuildFile; fileRef = 49EC5E4E22AB04C60071B3DC /* DrawingInfoView.swift */; };
		49EC5E5222AB04F50071B3DC /* PencilView.swift in Sources */ = {isa = PBXBuildFile; fileRef = 49EC5E5122AB04F50071B3DC /* PencilView.swift */; };
/* End PBXBuildFile section */

/* Begin PBXContainerItemProxy section */
		4936843022AAABCF009641C1 /* PBXContainerItemProxy */ = {
			isa = PBXContainerItemProxy;
			containerPortal = 4936841122AAABCD009641C1 /* Project object */;
			proxyType = 1;
			remoteGlobalIDString = 4936841822AAABCD009641C1;
			remoteInfo = PencilDataParse;
		};
		4936844C22AAF418009641C1 /* PBXContainerItemProxy */ = {
			isa = PBXContainerItemProxy;
			containerPortal = 4936844222AAF417009641C1 /* SwiftProtobuf.xcodeproj */;
			proxyType = 2;
			remoteGlobalIDString = "_____Product_Protobuf_macOS";
			remoteInfo = SwiftProtobuf_macOS;
		};
		4936844E22AAF418009641C1 /* PBXContainerItemProxy */ = {
			isa = PBXContainerItemProxy;
			containerPortal = 4936844222AAF417009641C1 /* SwiftProtobuf.xcodeproj */;
			proxyType = 2;
			remoteGlobalIDString = "_____Product_ProtobufTestSuite_macOS";
			remoteInfo = SwiftProtobufTestSuite_macOS;
		};
		4936845022AAF418009641C1 /* PBXContainerItemProxy */ = {
			isa = PBXContainerItemProxy;
			containerPortal = 4936844222AAF417009641C1 /* SwiftProtobuf.xcodeproj */;
			proxyType = 2;
			remoteGlobalIDString = "_____Product_Protobuf_iOS";
			remoteInfo = SwiftProtobuf_iOS;
		};
		4936845222AAF418009641C1 /* PBXContainerItemProxy */ = {
			isa = PBXContainerItemProxy;
			containerPortal = 4936844222AAF417009641C1 /* SwiftProtobuf.xcodeproj */;
			proxyType = 2;
			remoteGlobalIDString = "_____Product_ProtobufTestSuite_iOS";
			remoteInfo = SwiftProtobufTestSuite_iOS;
		};
		4936845422AAF418009641C1 /* PBXContainerItemProxy */ = {
			isa = PBXContainerItemProxy;
			containerPortal = 4936844222AAF417009641C1 /* SwiftProtobuf.xcodeproj */;
			proxyType = 2;
			remoteGlobalIDString = F44F936F1DAEA53900BC5B85;
			remoteInfo = SwiftProtobuf_tvOS;
		};
		4936845622AAF418009641C1 /* PBXContainerItemProxy */ = {
			isa = PBXContainerItemProxy;
			containerPortal = 4936844222AAF417009641C1 /* SwiftProtobuf.xcodeproj */;
			proxyType = 2;
			remoteGlobalIDString = F44F939F1DAEA7C500BC5B85;
			remoteInfo = SwiftProtobufTestSuite_tvOS;
		};
		4936845822AAF418009641C1 /* PBXContainerItemProxy */ = {
			isa = PBXContainerItemProxy;
			containerPortal = 4936844222AAF417009641C1 /* SwiftProtobuf.xcodeproj */;
			proxyType = 2;
			remoteGlobalIDString = F44F93FE1DAEB13F00BC5B85;
			remoteInfo = SwiftProtobuf_watchOS;
		};
/* End PBXContainerItemProxy section */

/* Begin PBXCopyFilesBuildPhase section */
		4936845D22AAF432009641C1 /* Embed Frameworks */ = {
			isa = PBXCopyFilesBuildPhase;
			buildActionMask = 2147483647;
			dstPath = "";
			dstSubfolderSpec = 10;
			files = (
				4936845C22AAF431009641C1 /* SwiftProtobuf.framework in Embed Frameworks */,
			);
			name = "Embed Frameworks";
			runOnlyForDeploymentPostprocessing = 0;
		};
/* End PBXCopyFilesBuildPhase section */

/* Begin PBXFileReference section */
		4936841922AAABCD009641C1 /* PencilDataParse.app */ = {isa = PBXFileReference; explicitFileType = wrapper.application; includeInIndex = 0; path = PencilDataParse.app; sourceTree = BUILT_PRODUCTS_DIR; };
		4936841C22AAABCD009641C1 /* AppDelegate.swift */ = {isa = PBXFileReference; lastKnownFileType = sourcecode.swift; path = AppDelegate.swift; sourceTree = "<group>"; };
		4936841E22AAABCD009641C1 /* SceneDelegate.swift */ = {isa = PBXFileReference; lastKnownFileType = sourcecode.swift; path = SceneDelegate.swift; sourceTree = "<group>"; };
		4936842022AAABCD009641C1 /* ContentView.swift */ = {isa = PBXFileReference; lastKnownFileType = sourcecode.swift; path = ContentView.swift; sourceTree = "<group>"; };
		4936842222AAABCF009641C1 /* Assets.xcassets */ = {isa = PBXFileReference; lastKnownFileType = folder.assetcatalog; path = Assets.xcassets; sourceTree = "<group>"; };
		4936842522AAABCF009641C1 /* Preview Assets.xcassets */ = {isa = PBXFileReference; lastKnownFileType = folder.assetcatalog; path = "Preview Assets.xcassets"; sourceTree = "<group>"; };
		4936842822AAABCF009641C1 /* Base */ = {isa = PBXFileReference; lastKnownFileType = file.storyboard; name = Base; path = Base.lproj/LaunchScreen.storyboard; sourceTree = "<group>"; };
		4936842A22AAABCF009641C1 /* Info.plist */ = {isa = PBXFileReference; lastKnownFileType = text.plist.xml; path = Info.plist; sourceTree = "<group>"; };
		4936842F22AAABCF009641C1 /* PencilDataParseTests.xctest */ = {isa = PBXFileReference; explicitFileType = wrapper.cfbundle; includeInIndex = 0; path = PencilDataParseTests.xctest; sourceTree = BUILT_PRODUCTS_DIR; };
		4936843322AAABCF009641C1 /* PencilDataParseTests.swift */ = {isa = PBXFileReference; lastKnownFileType = sourcecode.swift; path = PencilDataParseTests.swift; sourceTree = "<group>"; };
		4936843522AAABCF009641C1 /* Info.plist */ = {isa = PBXFileReference; lastKnownFileType = text.plist.xml; path = Info.plist; sourceTree = "<group>"; };
		4936843E22AAF121009641C1 /* PencilData.proto */ = {isa = PBXFileReference; lastKnownFileType = sourcecode.protobuf; path = PencilData.proto; sourceTree = "<group>"; };
		4936844022AAF3A4009641C1 /* PencilData.pb.swift */ = {isa = PBXFileReference; fileEncoding = 4; lastKnownFileType = sourcecode.swift; path = PencilData.pb.swift; sourceTree = "<group>"; };
		4936844222AAF417009641C1 /* SwiftProtobuf.xcodeproj */ = {isa = PBXFileReference; lastKnownFileType = "wrapper.pb-project"; name = SwiftProtobuf.xcodeproj; path = "swift-protobuf/SwiftProtobuf.xcodeproj"; sourceTree = SOURCE_ROOT; };
		494354D322AB1F2B006B1EE7 /* DidMountView.swift */ = {isa = PBXFileReference; lastKnownFileType = sourcecode.swift; path = DidMountView.swift; sourceTree = "<group>"; };
		49EC5E4522AAFFB50071B3DC /* Utils.swift */ = {isa = PBXFileReference; lastKnownFileType = sourcecode.swift; path = Utils.swift; sourceTree = "<group>"; };
		49EC5E4E22AB04C60071B3DC /* DrawingInfoView.swift */ = {isa = PBXFileReference; lastKnownFileType = sourcecode.swift; path = DrawingInfoView.swift; sourceTree = "<group>"; };
		49EC5E5122AB04F50071B3DC /* PencilView.swift */ = {isa = PBXFileReference; lastKnownFileType = sourcecode.swift; path = PencilView.swift; sourceTree = "<group>"; };
/* End PBXFileReference section */

/* Begin PBXFrameworksBuildPhase section */
		4936841622AAABCD009641C1 /* Frameworks */ = {
			isa = PBXFrameworksBuildPhase;
			buildActionMask = 2147483647;
			files = (
				4936845B22AAF431009641C1 /* SwiftProtobuf.framework in Frameworks */,
			);
			runOnlyForDeploymentPostprocessing = 0;
		};
		4936842C22AAABCF009641C1 /* Frameworks */ = {
			isa = PBXFrameworksBuildPhase;
			buildActionMask = 2147483647;
			files = (
			);
			runOnlyForDeploymentPostprocessing = 0;
		};
/* End PBXFrameworksBuildPhase section */

/* Begin PBXGroup section */
		4936841022AAABCD009641C1 = {
			isa = PBXGroup;
			children = (
				4936841B22AAABCD009641C1 /* PencilDataParse */,
				4936843222AAABCF009641C1 /* PencilDataParseTests */,
				4936841A22AAABCD009641C1 /* Products */,
				4936845A22AAF431009641C1 /* Frameworks */,
			);
			sourceTree = "<group>";
		};
		4936841A22AAABCD009641C1 /* Products */ = {
			isa = PBXGroup;
			children = (
				4936841922AAABCD009641C1 /* PencilDataParse.app */,
				4936842F22AAABCF009641C1 /* PencilDataParseTests.xctest */,
			);
			name = Products;
			sourceTree = "<group>";
		};
		4936841B22AAABCD009641C1 /* PencilDataParse */ = {
			isa = PBXGroup;
			children = (
				4936841C22AAABCD009641C1 /* AppDelegate.swift */,
				4936841E22AAABCD009641C1 /* SceneDelegate.swift */,
				49EC5E5022AB04CE0071B3DC /* Views */,
				49EC5E4522AAFFB50071B3DC /* Utils.swift */,
				4936843E22AAF121009641C1 /* PencilData.proto */,
				4936844022AAF3A4009641C1 /* PencilData.pb.swift */,
				4936842222AAABCF009641C1 /* Assets.xcassets */,
				4936842722AAABCF009641C1 /* LaunchScreen.storyboard */,
				4936842A22AAABCF009641C1 /* Info.plist */,
				4936844222AAF417009641C1 /* SwiftProtobuf.xcodeproj */,
				4936842422AAABCF009641C1 /* Preview Content */,
			);
			path = PencilDataParse;
			sourceTree = "<group>";
		};
		4936842422AAABCF009641C1 /* Preview Content */ = {
			isa = PBXGroup;
			children = (
				4936842522AAABCF009641C1 /* Preview Assets.xcassets */,
			);
			path = "Preview Content";
			sourceTree = "<group>";
		};
		4936843222AAABCF009641C1 /* PencilDataParseTests */ = {
			isa = PBXGroup;
			children = (
				4936843322AAABCF009641C1 /* PencilDataParseTests.swift */,
				4936843522AAABCF009641C1 /* Info.plist */,
			);
			path = PencilDataParseTests;
			sourceTree = "<group>";
		};
		4936844322AAF417009641C1 /* Products */ = {
			isa = PBXGroup;
			children = (
				4936844D22AAF418009641C1 /* SwiftProtobuf.framework */,
				4936844F22AAF418009641C1 /* SwiftProtobufTests.xctest */,
				4936845122AAF418009641C1 /* SwiftProtobuf.framework */,
				4936845322AAF418009641C1 /* SwiftProtobufTests.xctest */,
				4936845522AAF418009641C1 /* SwiftProtobuf.framework */,
				4936845722AAF418009641C1 /* SwiftProtobufTests.xctest */,
				4936845922AAF418009641C1 /* SwiftProtobuf.framework */,
			);
			name = Products;
			sourceTree = "<group>";
		};
		4936845A22AAF431009641C1 /* Frameworks */ = {
			isa = PBXGroup;
			children = (
			);
			name = Frameworks;
			sourceTree = "<group>";
		};
		49EC5E5022AB04CE0071B3DC /* Views */ = {
			isa = PBXGroup;
			children = (
				4936842022AAABCD009641C1 /* ContentView.swift */,
				49EC5E4E22AB04C60071B3DC /* DrawingInfoView.swift */,
				49EC5E5122AB04F50071B3DC /* PencilView.swift */,
				494354D322AB1F2B006B1EE7 /* DidMountView.swift */,
			);
			path = Views;
			sourceTree = "<group>";
		};
/* End PBXGroup section */

/* Begin PBXNativeTarget section */
		4936841822AAABCD009641C1 /* PencilDataParse */ = {
			isa = PBXNativeTarget;
			buildConfigurationList = 4936843822AAABCF009641C1 /* Build configuration list for PBXNativeTarget "PencilDataParse" */;
			buildPhases = (
				4936841522AAABCD009641C1 /* Sources */,
				4936841622AAABCD009641C1 /* Frameworks */,
				4936841722AAABCD009641C1 /* Resources */,
				4936845D22AAF432009641C1 /* Embed Frameworks */,
			);
			buildRules = (
			);
			dependencies = (
			);
			name = PencilDataParse;
			productName = PencilDataParse;
			productReference = 4936841922AAABCD009641C1 /* PencilDataParse.app */;
			productType = "com.apple.product-type.application";
		};
		4936842E22AAABCF009641C1 /* PencilDataParseTests */ = {
			isa = PBXNativeTarget;
			buildConfigurationList = 4936843B22AAABCF009641C1 /* Build configuration list for PBXNativeTarget "PencilDataParseTests" */;
			buildPhases = (
				4936842B22AAABCF009641C1 /* Sources */,
				4936842C22AAABCF009641C1 /* Frameworks */,
				4936842D22AAABCF009641C1 /* Resources */,
			);
			buildRules = (
			);
			dependencies = (
				4936843122AAABCF009641C1 /* PBXTargetDependency */,
			);
			name = PencilDataParseTests;
			productName = PencilDataParseTests;
			productReference = 4936842F22AAABCF009641C1 /* PencilDataParseTests.xctest */;
			productType = "com.apple.product-type.bundle.unit-test";
		};
/* End PBXNativeTarget section */

/* Begin PBXProject section */
		4936841122AAABCD009641C1 /* Project object */ = {
			isa = PBXProject;
			attributes = {
				LastSwiftUpdateCheck = 1100;
				LastUpgradeCheck = 1100;
				ORGANIZATIONNAME = Darknoon;
				TargetAttributes = {
					4936841822AAABCD009641C1 = {
						CreatedOnToolsVersion = 11.0;
					};
					4936842E22AAABCF009641C1 = {
						CreatedOnToolsVersion = 11.0;
						TestTargetID = 4936841822AAABCD009641C1;
					};
				};
			};
			buildConfigurationList = 4936841422AAABCD009641C1 /* Build configuration list for PBXProject "PencilDataParse" */;
			compatibilityVersion = "Xcode 9.3";
			developmentRegion = en;
			hasScannedForEncodings = 0;
			knownRegions = (
				en,
				Base,
			);
			mainGroup = 4936841022AAABCD009641C1;
			productRefGroup = 4936841A22AAABCD009641C1 /* Products */;
			projectDirPath = "";
			projectReferences = (
				{
					ProductGroup = 4936844322AAF417009641C1 /* Products */;
					ProjectRef = 4936844222AAF417009641C1 /* SwiftProtobuf.xcodeproj */;
				},
			);
			projectRoot = "";
			targets = (
				4936841822AAABCD009641C1 /* PencilDataParse */,
				4936842E22AAABCF009641C1 /* PencilDataParseTests */,
			);
		};
/* End PBXProject section */

/* Begin PBXReferenceProxy section */
		4936844D22AAF418009641C1 /* SwiftProtobuf.framework */ = {
			isa = PBXReferenceProxy;
			fileType = wrapper.framework;
			path = SwiftProtobuf.framework;
			remoteRef = 4936844C22AAF418009641C1 /* PBXContainerItemProxy */;
			sourceTree = BUILT_PRODUCTS_DIR;
		};
		4936844F22AAF418009641C1 /* SwiftProtobufTests.xctest */ = {
			isa = PBXReferenceProxy;
			fileType = wrapper.cfbundle;
			path = SwiftProtobufTests.xctest;
			remoteRef = 4936844E22AAF418009641C1 /* PBXContainerItemProxy */;
			sourceTree = BUILT_PRODUCTS_DIR;
		};
		4936845122AAF418009641C1 /* SwiftProtobuf.framework */ = {
			isa = PBXReferenceProxy;
			fileType = wrapper.framework;
			path = SwiftProtobuf.framework;
			remoteRef = 4936845022AAF418009641C1 /* PBXContainerItemProxy */;
			sourceTree = BUILT_PRODUCTS_DIR;
		};
		4936845322AAF418009641C1 /* SwiftProtobufTests.xctest */ = {
			isa = PBXReferenceProxy;
			fileType = wrapper.cfbundle;
			path = SwiftProtobufTests.xctest;
			remoteRef = 4936845222AAF418009641C1 /* PBXContainerItemProxy */;
			sourceTree = BUILT_PRODUCTS_DIR;
		};
		4936845522AAF418009641C1 /* SwiftProtobuf.framework */ = {
			isa = PBXReferenceProxy;
			fileType = wrapper.framework;
			path = SwiftProtobuf.framework;
			remoteRef = 4936845422AAF418009641C1 /* PBXContainerItemProxy */;
			sourceTree = BUILT_PRODUCTS_DIR;
		};
		4936845722AAF418009641C1 /* SwiftProtobufTests.xctest */ = {
			isa = PBXReferenceProxy;
			fileType = wrapper.cfbundle;
			path = SwiftProtobufTests.xctest;
			remoteRef = 4936845622AAF418009641C1 /* PBXContainerItemProxy */;
			sourceTree = BUILT_PRODUCTS_DIR;
		};
		4936845922AAF418009641C1 /* SwiftProtobuf.framework */ = {
			isa = PBXReferenceProxy;
			fileType = wrapper.framework;
			path = SwiftProtobuf.framework;
			remoteRef = 4936845822AAF418009641C1 /* PBXContainerItemProxy */;
			sourceTree = BUILT_PRODUCTS_DIR;
		};
/* End PBXReferenceProxy section */

/* Begin PBXResourcesBuildPhase section */
		4936841722AAABCD009641C1 /* Resources */ = {
			isa = PBXResourcesBuildPhase;
			buildActionMask = 2147483647;
			files = (
				4936842922AAABCF009641C1 /* LaunchScreen.storyboard in Resources */,
				4936842622AAABCF009641C1 /* Preview Assets.xcassets in Resources */,
				4936842322AAABCF009641C1 /* Assets.xcassets in Resources */,
			);
			runOnlyForDeploymentPostprocessing = 0;
		};
		4936842D22AAABCF009641C1 /* Resources */ = {
			isa = PBXResourcesBuildPhase;
			buildActionMask = 2147483647;
			files = (
			);
			runOnlyForDeploymentPostprocessing = 0;
		};
/* End PBXResourcesBuildPhase section */

/* Begin PBXSourcesBuildPhase section */
		4936841522AAABCD009641C1 /* Sources */ = {
			isa = PBXSourcesBuildPhase;
			buildActionMask = 2147483647;
			files = (
				49EC5E4622AAFFB50071B3DC /* Utils.swift in Sources */,
				49EC5E4F22AB04C60071B3DC /* DrawingInfoView.swift in Sources */,
				4936841D22AAABCD009641C1 /* AppDelegate.swift in Sources */,
				4936841F22AAABCD009641C1 /* SceneDelegate.swift in Sources */,
				494354D422AB1F2B006B1EE7 /* DidMountView.swift in Sources */,
				49EC5E5222AB04F50071B3DC /* PencilView.swift in Sources */,
				4936842122AAABCD009641C1 /* ContentView.swift in Sources */,
				4936844122AAF3A4009641C1 /* PencilData.pb.swift in Sources */,
			);
			runOnlyForDeploymentPostprocessing = 0;
		};
		4936842B22AAABCF009641C1 /* Sources */ = {
			isa = PBXSourcesBuildPhase;
			buildActionMask = 2147483647;
			files = (
				4936843422AAABCF009641C1 /* PencilDataParseTests.swift in Sources */,
			);
			runOnlyForDeploymentPostprocessing = 0;
		};
/* End PBXSourcesBuildPhase section */

/* Begin PBXTargetDependency section */
		4936843122AAABCF009641C1 /* PBXTargetDependency */ = {
			isa = PBXTargetDependency;
			target = 4936841822AAABCD009641C1 /* PencilDataParse */;
			targetProxy = 4936843022AAABCF009641C1 /* PBXContainerItemProxy */;
		};
/* End PBXTargetDependency section */

/* Begin PBXVariantGroup section */
		4936842722AAABCF009641C1 /* LaunchScreen.storyboard */ = {
			isa = PBXVariantGroup;
			children = (
				4936842822AAABCF009641C1 /* Base */,
			);
			name = LaunchScreen.storyboard;
			sourceTree = "<group>";
		};
/* End PBXVariantGroup section */

/* Begin XCBuildConfiguration section */
		4936843622AAABCF009641C1 /* Debug */ = {
			isa = XCBuildConfiguration;
			buildSettings = {
				ALWAYS_SEARCH_USER_PATHS = NO;
				CLANG_ANALYZER_NONNULL = YES;
				CLANG_ANALYZER_NUMBER_OBJECT_CONVERSION = YES_AGGRESSIVE;
				CLANG_CXX_LANGUAGE_STANDARD = "gnu++14";
				CLANG_CXX_LIBRARY = "libc++";
				CLANG_ENABLE_MODULES = YES;
				CLANG_ENABLE_OBJC_ARC = YES;
				CLANG_ENABLE_OBJC_WEAK = YES;
				CLANG_WARN_BLOCK_CAPTURE_AUTORELEASING = YES;
				CLANG_WARN_BOOL_CONVERSION = YES;
				CLANG_WARN_COMMA = YES;
				CLANG_WARN_CONSTANT_CONVERSION = YES;
				CLANG_WARN_DEPRECATED_OBJC_IMPLEMENTATIONS = YES;
				CLANG_WARN_DIRECT_OBJC_ISA_USAGE = YES_ERROR;
				CLANG_WARN_DOCUMENTATION_COMMENTS = YES;
				CLANG_WARN_EMPTY_BODY = YES;
				CLANG_WARN_ENUM_CONVERSION = YES;
				CLANG_WARN_INFINITE_RECURSION = YES;
				CLANG_WARN_INT_CONVERSION = YES;
				CLANG_WARN_NON_LITERAL_NULL_CONVERSION = YES;
				CLANG_WARN_OBJC_IMPLICIT_RETAIN_SELF = YES;
				CLANG_WARN_OBJC_LITERAL_CONVERSION = YES;
				CLANG_WARN_OBJC_ROOT_CLASS = YES_ERROR;
				CLANG_WARN_RANGE_LOOP_ANALYSIS = YES;
				CLANG_WARN_STRICT_PROTOTYPES = YES;
				CLANG_WARN_SUSPICIOUS_MOVE = YES;
				CLANG_WARN_UNGUARDED_AVAILABILITY = YES_AGGRESSIVE;
				CLANG_WARN_UNREACHABLE_CODE = YES;
				CLANG_WARN__DUPLICATE_METHOD_MATCH = YES;
				COPY_PHASE_STRIP = NO;
				DEBUG_INFORMATION_FORMAT = dwarf;
				ENABLE_STRICT_OBJC_MSGSEND = YES;
				ENABLE_TESTABILITY = YES;
				GCC_C_LANGUAGE_STANDARD = gnu11;
				GCC_DYNAMIC_NO_PIC = NO;
				GCC_NO_COMMON_BLOCKS = YES;
				GCC_OPTIMIZATION_LEVEL = 0;
				GCC_PREPROCESSOR_DEFINITIONS = (
					"DEBUG=1",
					"$(inherited)",
				);
				GCC_WARN_64_TO_32_BIT_CONVERSION = YES;
				GCC_WARN_ABOUT_RETURN_TYPE = YES_ERROR;
				GCC_WARN_UNDECLARED_SELECTOR = YES;
				GCC_WARN_UNINITIALIZED_AUTOS = YES_AGGRESSIVE;
				GCC_WARN_UNUSED_FUNCTION = YES;
				GCC_WARN_UNUSED_VARIABLE = YES;
				IPHONEOS_DEPLOYMENT_TARGET = 13.0;
				MTL_ENABLE_DEBUG_INFO = INCLUDE_SOURCE;
				MTL_FAST_MATH = YES;
				ONLY_ACTIVE_ARCH = YES;
				SDKROOT = iphoneos;
				SWIFT_ACTIVE_COMPILATION_CONDITIONS = DEBUG;
				SWIFT_OPTIMIZATION_LEVEL = "-Onone";
			};
			name = Debug;
		};
		4936843722AAABCF009641C1 /* Release */ = {
			isa = XCBuildConfiguration;
			buildSettings = {
				ALWAYS_SEARCH_USER_PATHS = NO;
				CLANG_ANALYZER_NONNULL = YES;
				CLANG_ANALYZER_NUMBER_OBJECT_CONVERSION = YES_AGGRESSIVE;
				CLANG_CXX_LANGUAGE_STANDARD = "gnu++14";
				CLANG_CXX_LIBRARY = "libc++";
				CLANG_ENABLE_MODULES = YES;
				CLANG_ENABLE_OBJC_ARC = YES;
				CLANG_ENABLE_OBJC_WEAK = YES;
				CLANG_WARN_BLOCK_CAPTURE_AUTORELEASING = YES;
				CLANG_WARN_BOOL_CONVERSION = YES;
				CLANG_WARN_COMMA = YES;
				CLANG_WARN_CONSTANT_CONVERSION = YES;
				CLANG_WARN_DEPRECATED_OBJC_IMPLEMENTATIONS = YES;
				CLANG_WARN_DIRECT_OBJC_ISA_USAGE = YES_ERROR;
				CLANG_WARN_DOCUMENTATION_COMMENTS = YES;
				CLANG_WARN_EMPTY_BODY = YES;
				CLANG_WARN_ENUM_CONVERSION = YES;
				CLANG_WARN_INFINITE_RECURSION = YES;
				CLANG_WARN_INT_CONVERSION = YES;
				CLANG_WARN_NON_LITERAL_NULL_CONVERSION = YES;
				CLANG_WARN_OBJC_IMPLICIT_RETAIN_SELF = YES;
				CLANG_WARN_OBJC_LITERAL_CONVERSION = YES;
				CLANG_WARN_OBJC_ROOT_CLASS = YES_ERROR;
				CLANG_WARN_RANGE_LOOP_ANALYSIS = YES;
				CLANG_WARN_STRICT_PROTOTYPES = YES;
				CLANG_WARN_SUSPICIOUS_MOVE = YES;
				CLANG_WARN_UNGUARDED_AVAILABILITY = YES_AGGRESSIVE;
				CLANG_WARN_UNREACHABLE_CODE = YES;
				CLANG_WARN__DUPLICATE_METHOD_MATCH = YES;
				COPY_PHASE_STRIP = NO;
				DEBUG_INFORMATION_FORMAT = "dwarf-with-dsym";
				ENABLE_NS_ASSERTIONS = NO;
				ENABLE_STRICT_OBJC_MSGSEND = YES;
				GCC_C_LANGUAGE_STANDARD = gnu11;
				GCC_NO_COMMON_BLOCKS = YES;
				GCC_WARN_64_TO_32_BIT_CONVERSION = YES;
				GCC_WARN_ABOUT_RETURN_TYPE = YES_ERROR;
				GCC_WARN_UNDECLARED_SELECTOR = YES;
				GCC_WARN_UNINITIALIZED_AUTOS = YES_AGGRESSIVE;
				GCC_WARN_UNUSED_FUNCTION = YES;
				GCC_WARN_UNUSED_VARIABLE = YES;
				IPHONEOS_DEPLOYMENT_TARGET = 13.0;
				MTL_ENABLE_DEBUG_INFO = NO;
				MTL_FAST_MATH = YES;
				SDKROOT = iphoneos;
				SWIFT_COMPILATION_MODE = wholemodule;
				SWIFT_OPTIMIZATION_LEVEL = "-O";
				VALIDATE_PRODUCT = YES;
			};
			name = Release;
		};
		4936843922AAABCF009641C1 /* Debug */ = {
			isa = XCBuildConfiguration;
			buildSettings = {
				ASSETCATALOG_COMPILER_APPICON_NAME = AppIcon;
				CODE_SIGN_STYLE = Automatic;
				DEVELOPMENT_ASSET_PATHS = "PencilDataParse/Preview\\ Content";
				DEVELOPMENT_TEAM = DDE4G723AJ;
				ENABLE_PREVIEWS = YES;
				INFOPLIST_FILE = PencilDataParse/Info.plist;
				LD_RUNPATH_SEARCH_PATHS = (
					"$(inherited)",
					"@executable_path/Frameworks",
				);
				PRODUCT_BUNDLE_IDENTIFIER = com.darknoon.PencilDataParse;
				PRODUCT_NAME = "$(TARGET_NAME)";
				SWIFT_VERSION = 5.0;
				TARGETED_DEVICE_FAMILY = "1,2";
			};
			name = Debug;
		};
		4936843A22AAABCF009641C1 /* Release */ = {
			isa = XCBuildConfiguration;
			buildSettings = {
				ASSETCATALOG_COMPILER_APPICON_NAME = AppIcon;
				CODE_SIGN_STYLE = Automatic;
				DEVELOPMENT_ASSET_PATHS = "PencilDataParse/Preview\\ Content";
				DEVELOPMENT_TEAM = DDE4G723AJ;
				ENABLE_PREVIEWS = YES;
				INFOPLIST_FILE = PencilDataParse/Info.plist;
				LD_RUNPATH_SEARCH_PATHS = (
					"$(inherited)",
					"@executable_path/Frameworks",
				);
				PRODUCT_BUNDLE_IDENTIFIER = com.darknoon.PencilDataParse;
				PRODUCT_NAME = "$(TARGET_NAME)";
				SWIFT_VERSION = 5.0;
				TARGETED_DEVICE_FAMILY = "1,2";
			};
			name = Release;
		};
		4936843C22AAABCF009641C1 /* Debug */ = {
			isa = XCBuildConfiguration;
			buildSettings = {
				ALWAYS_EMBED_SWIFT_STANDARD_LIBRARIES = YES;
				BUNDLE_LOADER = "$(TEST_HOST)";
				CODE_SIGN_STYLE = Automatic;
				DEVELOPMENT_TEAM = DDE4G723AJ;
				INFOPLIST_FILE = PencilDataParseTests/Info.plist;
				LD_RUNPATH_SEARCH_PATHS = (
					"$(inherited)",
					"@executable_path/Frameworks",
					"@loader_path/Frameworks",
				);
				PRODUCT_BUNDLE_IDENTIFIER = com.darknoon.PencilDataParseTests;
				PRODUCT_NAME = "$(TARGET_NAME)";
				SWIFT_VERSION = 5.0;
				TARGETED_DEVICE_FAMILY = "1,2";
				TEST_HOST = "$(BUILT_PRODUCTS_DIR)/PencilDataParse.app/PencilDataParse";
			};
			name = Debug;
		};
		4936843D22AAABCF009641C1 /* Release */ = {
			isa = XCBuildConfiguration;
			buildSettings = {
				ALWAYS_EMBED_SWIFT_STANDARD_LIBRARIES = YES;
				BUNDLE_LOADER = "$(TEST_HOST)";
				CODE_SIGN_STYLE = Automatic;
				DEVELOPMENT_TEAM = DDE4G723AJ;
				INFOPLIST_FILE = PencilDataParseTests/Info.plist;
				LD_RUNPATH_SEARCH_PATHS = (
					"$(inherited)",
					"@executable_path/Frameworks",
					"@loader_path/Frameworks",
				);
				PRODUCT_BUNDLE_IDENTIFIER = com.darknoon.PencilDataParseTests;
				PRODUCT_NAME = "$(TARGET_NAME)";
				SWIFT_VERSION = 5.0;
				TARGETED_DEVICE_FAMILY = "1,2";
				TEST_HOST = "$(BUILT_PRODUCTS_DIR)/PencilDataParse.app/PencilDataParse";
			};
			name = Release;
		};
/* End XCBuildConfiguration section */

/* Begin XCConfigurationList section */
		4936841422AAABCD009641C1 /* Build configuration list for PBXProject "PencilDataParse" */ = {
			isa = XCConfigurationList;
			buildConfigurations = (
				4936843622AAABCF009641C1 /* Debug */,
				4936843722AAABCF009641C1 /* Release */,
			);
			defaultConfigurationIsVisible = 0;
			defaultConfigurationName = Release;
		};
		4936843822AAABCF009641C1 /* Build configuration list for PBXNativeTarget "PencilDataParse" */ = {
			isa = XCConfigurationList;
			buildConfigurations = (
				4936843922AAABCF009641C1 /* Debug */,
				4936843A22AAABCF009641C1 /* Release */,
			);
			defaultConfigurationIsVisible = 0;
			defaultConfigurationName = Release;
		};
		4936843B22AAABCF009641C1 /* Build configuration list for PBXNativeTarget "PencilDataParseTests" */ = {
			isa = XCConfigurationList;
			buildConfigurations = (
				4936843C22AAABCF009641C1 /* Debug */,
				4936843D22AAABCF009641C1 /* Release */,
			);
			defaultConfigurationIsVisible = 0;
			defaultConfigurationName = Release;
		};
/* End XCConfigurationList section */
	};
	rootObject = 4936841122AAABCD009641C1 /* Project object */;
}
